
Microsoft Visual Studio Solution File, Format Version 12.00
# Visual Studio 15
VisualStudioVersion = 15.0.28010.2016
MinimumVisualStudioVersion = 10.0.40219.1
Project("{8BC9CEB8-8B4A-11D0-8D11-00A0C91BC942}") = "BudgetProgram", "BudgetProgram.vcxproj", "{BA9FDF76-A18E-4C7C-A60B-EF17B52596D8}"
EndProject
Global
	GlobalSection(SolutionConfigurationPlatforms) = preSolution
		Debug|x64 = Debug|x64
		Debug|x86 = Debug|x86
		Release|x64 = Release|x64
		Release|x86 = Release|x86
	EndGlobalSection
	GlobalSection(ProjectConfigurationPlatforms) = postSolution
		{BA9FDF76-A18E-4C7C-A60B-EF17B52596D8}.Debug|x64.ActiveCfg = Debug|x64
		{BA9FDF76-A18E-4C7C-A60B-EF17B52596D8}.Debug|x64.Build.0 = Debug|x64
		{BA9FDF76-A18E-4C7C-A60B-EF17B52596D8}.Debug|x86.ActiveCfg = Debug|Win32
		{BA9FDF76-A18E-4C7C-A60B-EF17B52596D8}.Debug|x86.Build.0 = Debug|Win32
		{BA9FDF76-A18E-4C7C-A60B-EF17B52596D8}.Release|x64.ActiveCfg = Release|x64
		{BA9FDF76-A18E-4C7C-A60B-EF17B52596D8}.Release|x64.Build.0 = Release|x64
		{BA9FDF76-A18E-4C7C-A60B-EF17B52596D8}.Release|x86.ActiveCfg = Release|Win32
		{BA9FDF76-A18E-4C7C-A60B-EF17B52596D8}.Release|x86.Build.0 = Release|Win32
	EndGlobalSection
	GlobalSection(SolutionProperties) = preSolution
		HideSolutionNode = FALSE
	EndGlobalSection
	GlobalSection(ExtensibilityGlobals) = postSolution
		SolutionGuid = {36D77FA9-4D95-4CD7-8257-D521E4885413}
	EndGlobalSection
EndGlobal
